
Microsoft Visual Studio Solution File, Format Version 12.00
# Visual Studio Version 16
VisualStudioVersion = 16.0.31321.278
MinimumVisualStudioVersion = 10.0.40219.1
Project("{8BC9CEB8-8B4A-11D0-8D11-00A0C91BC942}") = "cStep1", "cStep1\cStep1.vcxproj", "{B70192BD-B373-48DB-9C76-E02AD524EBFF}"
EndProject
Global
	GlobalSection(SolutionConfigurationPlatforms) = preSolution
		Debug|x64 = Debug|x64
		Debug|x86 = Debug|x86
		Release|x64 = Release|x64
		Release|x86 = Release|x86
	EndGlobalSection
	GlobalSection(ProjectConfigurationPlatforms) = postSolution
		{B70192BD-B373-48DB-9C76-E02AD524EBFF}.Debug|x64.ActiveCfg = Debug|x64
		{B70192BD-B373-48DB-9C76-E02AD524EBFF}.Debug|x64.Build.0 = Debug|x64
		{B70192BD-B373-48DB-9C76-E02AD524EBFF}.Debug|x86.ActiveCfg = Debug|Win32
		{B70192BD-B373-48DB-9C76-E02AD524EBFF}.Debug|x86.Build.0 = Debug|Win32
		{B70192BD-B373-48DB-9C76-E02AD524EBFF}.Release|x64.ActiveCfg = Release|x64
		{B70192BD-B373-48DB-9C76-E02AD524EBFF}.Release|x64.Build.0 = Release|x64
		{B70192BD-B373-48DB-9C76-E02AD524EBFF}.Release|x86.ActiveCfg = Release|Win32
		{B70192BD-B373-48DB-9C76-E02AD524EBFF}.Release|x86.Build.0 = Release|Win32
	EndGlobalSection
	GlobalSection(SolutionProperties) = preSolution
		HideSolutionNode = FALSE
	EndGlobalSection
	GlobalSection(ExtensibilityGlobals) = postSolution
		SolutionGuid = {1BAC5E6C-4224-4C02-809D-949AC81BFE8A}
	EndGlobalSection
EndGlobal
